
Microsoft Visual Studio Solution File, Format Version 12.00
# Visual Studio Version 17
VisualStudioVersion = 17.6.33815.320
MinimumVisualStudioVersion = 10.0.40219.1
Project("{FAE04EC0-301F-11D3-BF4B-00C04F79EFBC}") = "ChiaDeTri", "ChiaDeTri\ChiaDeTri.csproj", "{CFDF9366-8E47-40CC-AA6E-1EDD133FBA53}"
EndProject
Global
	GlobalSection(SolutionConfigurationPlatforms) = preSolution
		Debug|Any CPU = Debug|Any CPU
		Release|Any CPU = Release|Any CPU
	EndGlobalSection
	GlobalSection(ProjectConfigurationPlatforms) = postSolution
		{CFDF9366-8E47-40CC-AA6E-1EDD133FBA53}.Debug|Any CPU.ActiveCfg = Debug|Any CPU
		{CFDF9366-8E47-40CC-AA6E-1EDD133FBA53}.Debug|Any CPU.Build.0 = Debug|Any CPU
		{CFDF9366-8E47-40CC-AA6E-1EDD133FBA53}.Release|Any CPU.ActiveCfg = Release|Any CPU
		{CFDF9366-8E47-40CC-AA6E-1EDD133FBA53}.Release|Any CPU.Build.0 = Release|Any CPU
	EndGlobalSection
	GlobalSection(SolutionProperties) = preSolution
		HideSolutionNode = FALSE
	EndGlobalSection
	GlobalSection(ExtensibilityGlobals) = postSolution
		SolutionGuid = {E27F63B8-5C76-4606-9D48-CEE9BA28D3A3}
	EndGlobalSection
EndGlobal
